{
  "name": "runtrol-phone",
  "version": "0.1.0",
  "lockfileVersion": 3,
  "requires": true,
  "packages": {
    "": {
      "name": "runtrol-phone",
      "version": "0.1.0",
      "devDependencies": {
        "pyproc": "0.0.21"
      }
    },
    "node_modules/pyproc": {
      "version": "0.0.21",
      "resolved": "https://registry.npmjs.org/pyproc/-/pyproc-0.0.21.tgz",
      "integrity": "sha512-Sv+1mlGW+VJ/utmSutBycjP/U0jodl/cZdwW31R/ECq4HyMIBHtIOjFiKVMscueV6q56yZgFSWyGEs+g7HnZJg==",
      "dev": true,
      "license": "MPL-2.0",
      "bin": {
        "pyproc-assets": "scripts/assetManifest.mjs",
        "pyproc-control": "scripts/pyprocControl.mjs",
        "pyproc-engine": "scripts/fetchEngine.mjs",
        "pyproc-mcp": "scripts/pyprocMcp.mjs"
      }
    }
  }
}
